
Microsoft Visual Studio Solution File, Format Version 12.00
# Visual Studio Version 16
VisualStudioVersion = 16.0.29728.190
MinimumVisualStudioVersion = 10.0.40219.1
Project("{FAE04EC0-301F-11D3-BF4B-00C04F79EFBC}") = "WPFUI", "WPFUI\WPFUI.csproj", "{C3E84C0B-463B-4A50-8867-3CE34F2AF26B}"
EndProject
Project("{FAE04EC0-301F-11D3-BF4B-00C04F79EFBC}") = "SerialLibrary", "SerialLibrary\SerialLibrary.csproj", "{35B98926-8BD6-4AC6-A2AE-98E5DB4B6E97}"
EndProject
Project("{FAE04EC0-301F-11D3-BF4B-00C04F79EFBC}") = "PythonIntegration", "PythonIntegration\PythonIntegration.csproj", "{FBC2314D-E235-4825-BAE0-FD71059276A2}"
EndProject
Project("{FAE04EC0-301F-11D3-BF4B-00C04F79EFBC}") = "ArmLibrary", "ArmLibrary\ArmLibrary.csproj", "{7BC1A622-28E4-49BA-968F-AF3473CA116D}"
EndProject
Global
	GlobalSection(SolutionConfigurationPlatforms) = preSolution
		Debug|Any CPU = Debug|Any CPU
		Release|Any CPU = Release|Any CPU
	EndGlobalSection
	GlobalSection(ProjectConfigurationPlatforms) = postSolution
		{C3E84C0B-463B-4A50-8867-3CE34F2AF26B}.Debug|Any CPU.ActiveCfg = Debug|Any CPU
		{C3E84C0B-463B-4A50-8867-3CE34F2AF26B}.Debug|Any CPU.Build.0 = Debug|Any CPU
		{C3E84C0B-463B-4A50-8867-3CE34F2AF26B}.Release|Any CPU.ActiveCfg = Release|Any CPU
		{C3E84C0B-463B-4A50-8867-3CE34F2AF26B}.Release|Any CPU.Build.0 = Release|Any CPU
		{35B98926-8BD6-4AC6-A2AE-98E5DB4B6E97}.Debug|Any CPU.ActiveCfg = Debug|Any CPU
		{35B98926-8BD6-4AC6-A2AE-98E5DB4B6E97}.Debug|Any CPU.Build.0 = Debug|Any CPU
		{35B98926-8BD6-4AC6-A2AE-98E5DB4B6E97}.Release|Any CPU.ActiveCfg = Release|Any CPU
		{35B98926-8BD6-4AC6-A2AE-98E5DB4B6E97}.Release|Any CPU.Build.0 = Release|Any CPU
		{FBC2314D-E235-4825-BAE0-FD71059276A2}.Debug|Any CPU.ActiveCfg = Debug|Any CPU
		{FBC2314D-E235-4825-BAE0-FD71059276A2}.Debug|Any CPU.Build.0 = Debug|Any CPU
		{FBC2314D-E235-4825-BAE0-FD71059276A2}.Release|Any CPU.ActiveCfg = Release|Any CPU
		{FBC2314D-E235-4825-BAE0-FD71059276A2}.Release|Any CPU.Build.0 = Release|Any CPU
		{7BC1A622-28E4-49BA-968F-AF3473CA116D}.Debug|Any CPU.ActiveCfg = Debug|Any CPU
		{7BC1A622-28E4-49BA-968F-AF3473CA116D}.Debug|Any CPU.Build.0 = Debug|Any CPU
		{7BC1A622-28E4-49BA-968F-AF3473CA116D}.Release|Any CPU.ActiveCfg = Release|Any CPU
		{7BC1A622-28E4-49BA-968F-AF3473CA116D}.Release|Any CPU.Build.0 = Release|Any CPU
	EndGlobalSection
	GlobalSection(SolutionProperties) = preSolution
		HideSolutionNode = FALSE
	EndGlobalSection
	GlobalSection(ExtensibilityGlobals) = postSolution
		SolutionGuid = {27EAAC0A-BEF1-47CA-8F53-7522DCAFF1B4}
	EndGlobalSection
EndGlobal
